
Microsoft Visual Studio Solution File, Format Version 12.00
# Visual Studio 2013
VisualStudioVersion = 12.0.30501.0
MinimumVisualStudioVersion = 10.0.40219.1
Project("{FAE04EC0-301F-11D3-BF4B-00C04F79EFBC}") = "YeruhamPhoneBook", "YeruhamPhoneBook.csproj", "{727C74EC-49CD-437F-8204-939917FD21CF}"
EndProject
Project("{E24C65DC-7377-472B-9ABA-BC803B73C61A}") = "DataExtractor", "http://localhost:17672", "{B5F67C8A-BCAA-467E-8C72-7B5201BE1939}"
	ProjectSection(WebsiteProperties) = preProject
		UseIISExpress = "true"
		TargetFrameworkMoniker = ".NETFramework,Version%3Dv4.0"
		Debug.AspNetCompiler.VirtualPath = "/localhost_17672"
		Debug.AspNetCompiler.PhysicalPath = "..\DataExtractor\"
		Debug.AspNetCompiler.TargetPath = "PrecompiledWeb\localhost_17672\"
		Debug.AspNetCompiler.Updateable = "true"
		Debug.AspNetCompiler.ForceOverwrite = "true"
		Debug.AspNetCompiler.FixedNames = "false"
		Debug.AspNetCompiler.Debug = "True"
		Release.AspNetCompiler.VirtualPath = "/localhost_17672"
		Release.AspNetCompiler.PhysicalPath = "..\DataExtractor\"
		Release.AspNetCompiler.TargetPath = "PrecompiledWeb\localhost_17672\"
		Release.AspNetCompiler.Updateable = "true"
		Release.AspNetCompiler.ForceOverwrite = "true"
		Release.AspNetCompiler.FixedNames = "false"
		Release.AspNetCompiler.Debug = "False"
		SlnRelativePath = "..\DataExtractor\"
	EndProjectSection
EndProject
Global
	GlobalSection(SolutionConfigurationPlatforms) = preSolution
		Debug|Any CPU = Debug|Any CPU
		Release|Any CPU = Release|Any CPU
	EndGlobalSection
	GlobalSection(ProjectConfigurationPlatforms) = postSolution
		{727C74EC-49CD-437F-8204-939917FD21CF}.Debug|Any CPU.ActiveCfg = Debug|Any CPU
		{727C74EC-49CD-437F-8204-939917FD21CF}.Debug|Any CPU.Build.0 = Debug|Any CPU
		{727C74EC-49CD-437F-8204-939917FD21CF}.Release|Any CPU.ActiveCfg = Release|Any CPU
		{727C74EC-49CD-437F-8204-939917FD21CF}.Release|Any CPU.Build.0 = Release|Any CPU
		{B5F67C8A-BCAA-467E-8C72-7B5201BE1939}.Debug|Any CPU.ActiveCfg = Debug|Any CPU
		{B5F67C8A-BCAA-467E-8C72-7B5201BE1939}.Debug|Any CPU.Build.0 = Debug|Any CPU
		{B5F67C8A-BCAA-467E-8C72-7B5201BE1939}.Release|Any CPU.ActiveCfg = Debug|Any CPU
		{B5F67C8A-BCAA-467E-8C72-7B5201BE1939}.Release|Any CPU.Build.0 = Debug|Any CPU
	EndGlobalSection
	GlobalSection(SolutionProperties) = preSolution
		HideSolutionNode = FALSE
	EndGlobalSection
EndGlobal
